PODS:
  - Alamofire (5.0.0)
  - Kingfisher (5.10.1):
    - Kingfisher/Core (= 5.10.1)
  - Kingfisher/Core (5.10.1)
  - Realm (4.3.2):
    - Realm/Headers (= 4.3.2)
  - Realm/Headers (4.3.2)
  - RealmSwift (4.3.2):
    - Realm (= 4.3.2)
  - SwiftyJSON (5.0.0)
  - TinyConstraints (4.0.1)

DEPENDENCIES:
  - Alamofire (~> 5.0.0-rc.3)
  - Kingfisher (~> 5.10.1)
  - RealmSwift (~> 4.3.1)
  - SwiftyJSON (~> 5.0.0)
  - TinyConstraints

SPEC REPOS:
  trunk:
    - Alamofire
    - Kingfisher
    - Realm
    - RealmSwift
    - SwiftyJSON
    - TinyConstraints

SPEC CHECKSUMS:
  Alamofire: 58ff2bfb8daaacaa233d5c36e37b10a5248f59b1
  Kingfisher: eb36b7dfcc78d60877051c92c119a2865972961a
  Realm: 5e92902e2875dff4bb0fd02f67bb737c3d5db2bc
  RealmSwift: 9a360fc7bae04fc2e308a34fbd899d5faa2d6b22
  SwiftyJSON: 36413e04c44ee145039d332b4f4e2d3e8d6c4db7
  TinyConstraints: 8dd91295e56797648c7bc335dd20e1d91ec4c192

PODFILE CHECKSUM: 7f6b17433ed910b8c5c340fb5e0ebbe737781877

COCOAPODS: 1.8.4
